
Microsoft Visual Studio Solution File, Format Version 12.00
# Visual Studio Version 17
VisualStudioVersion = 17.13.35931.197
MinimumVisualStudioVersion = 10.0.40219.1
Project("{8BC9CEB8-8B4A-11D0-8D11-00A0C91BC942}") = "WinAPI", "WinAPI\WinAPI.vcxproj", "{B6020293-A949-4635-A4E2-8262BE37A6DE}"
EndProject
Project("{8BC9CEB8-8B4A-11D0-8D11-00A0C91BC942}") = "DialogBox", "DialogBox\DialogBox.vcxproj", "{957ED91C-3FD3-4577-A42C-68D256D7709D}"
EndProject
Project("{8BC9CEB8-8B4A-11D0-8D11-00A0C91BC942}") = "ComboBox", "ComboBox\ComboBox.vcxproj", "{CE5C8ABF-CC11-4835-B7E3-9A445F079A63}"
EndProject
Project("{8BC9CEB8-8B4A-11D0-8D11-00A0C91BC942}") = "MainWindow", "MainWindow\MainWindow.vcxproj", "{C8FE5997-FCB5-4172-9D05-FA1D499F4C5C}"
EndProject
Project("{8BC9CEB8-8B4A-11D0-8D11-00A0C91BC942}") = "ListBox", "ListBox\ListBox.vcxproj", "{4CA130B1-1687-4C92-99C6-60C2CBFDDC2F}"
EndProject
Project("{8BC9CEB8-8B4A-11D0-8D11-00A0C91BC942}") = "calc", "calc\calc.vcxproj", "{B0B5D98F-C182-422E-914B-5F7E727A1879}"
EndProject
Project("{8BC9CEB8-8B4A-11D0-8D11-00A0C91BC942}") = "square_blue", "square_blue\square_blue.vcxproj", "{A816693B-E038-4AED-AF52-FE6253FC9EDC}"
EndProject
Project("{8BC9CEB8-8B4A-11D0-8D11-00A0C91BC942}") = "metal_mistral", "metal_mistral\metal_mistral.vcxproj", "{4656B284-6646-4779-8AB1-38A02820C268}"
EndProject
Global
	GlobalSection(SolutionConfigurationPlatforms) = preSolution
		Debug|x64 = Debug|x64
		Debug|x86 = Debug|x86
		Release|x64 = Release|x64
		Release|x86 = Release|x86
	EndGlobalSection
	GlobalSection(ProjectConfigurationPlatforms) = postSolution
		{B6020293-A949-4635-A4E2-8262BE37A6DE}.Debug|x64.ActiveCfg = Debug|x64
		{B6020293-A949-4635-A4E2-8262BE37A6DE}.Debug|x64.Build.0 = Debug|x64
		{B6020293-A949-4635-A4E2-8262BE37A6DE}.Debug|x86.ActiveCfg = Debug|Win32
		{B6020293-A949-4635-A4E2-8262BE37A6DE}.Debug|x86.Build.0 = Debug|Win32
		{B6020293-A949-4635-A4E2-8262BE37A6DE}.Release|x64.ActiveCfg = Release|x64
		{B6020293-A949-4635-A4E2-8262BE37A6DE}.Release|x64.Build.0 = Release|x64
		{B6020293-A949-4635-A4E2-8262BE37A6DE}.Release|x86.ActiveCfg = Release|Win32
		{B6020293-A949-4635-A4E2-8262BE37A6DE}.Release|x86.Build.0 = Release|Win32
		{957ED91C-3FD3-4577-A42C-68D256D7709D}.Debug|x64.ActiveCfg = Debug|x64
		{957ED91C-3FD3-4577-A42C-68D256D7709D}.Debug|x64.Build.0 = Debug|x64
		{957ED91C-3FD3-4577-A42C-68D256D7709D}.Debug|x86.ActiveCfg = Debug|Win32
		{957ED91C-3FD3-4577-A42C-68D256D7709D}.Debug|x86.Build.0 = Debug|Win32
		{957ED91C-3FD3-4577-A42C-68D256D7709D}.Release|x64.ActiveCfg = Release|x64
		{957ED91C-3FD3-4577-A42C-68D256D7709D}.Release|x64.Build.0 = Release|x64
		{957ED91C-3FD3-4577-A42C-68D256D7709D}.Release|x86.ActiveCfg = Release|Win32
		{957ED91C-3FD3-4577-A42C-68D256D7709D}.Release|x86.Build.0 = Release|Win32
		{CE5C8ABF-CC11-4835-B7E3-9A445F079A63}.Debug|x64.ActiveCfg = Debug|x64
		{CE5C8ABF-CC11-4835-B7E3-9A445F079A63}.Debug|x64.Build.0 = Debug|x64
		{CE5C8ABF-CC11-4835-B7E3-9A445F079A63}.Debug|x86.ActiveCfg = Debug|Win32
		{CE5C8ABF-CC11-4835-B7E3-9A445F079A63}.Debug|x86.Build.0 = Debug|Win32
		{CE5C8ABF-CC11-4835-B7E3-9A445F079A63}.Release|x64.ActiveCfg = Release|x64
		{CE5C8ABF-CC11-4835-B7E3-9A445F079A63}.Release|x64.Build.0 = Release|x64
		{CE5C8ABF-CC11-4835-B7E3-9A445F079A63}.Release|x86.ActiveCfg = Release|Win32
		{CE5C8ABF-CC11-4835-B7E3-9A445F079A63}.Release|x86.Build.0 = Release|Win32
		{C8FE5997-FCB5-4172-9D05-FA1D499F4C5C}.Debug|x64.ActiveCfg = Debug|x64
		{C8FE5997-FCB5-4172-9D05-FA1D499F4C5C}.Debug|x64.Build.0 = Debug|x64
		{C8FE5997-FCB5-4172-9D05-FA1D499F4C5C}.Debug|x86.ActiveCfg = Debug|Win32
		{C8FE5997-FCB5-4172-9D05-FA1D499F4C5C}.Debug|x86.Build.0 = Debug|Win32
		{C8FE5997-FCB5-4172-9D05-FA1D499F4C5C}.Release|x64.ActiveCfg = Release|x64
		{C8FE5997-FCB5-4172-9D05-FA1D499F4C5C}.Release|x64.Build.0 = Release|x64
		{C8FE5997-FCB5-4172-9D05-FA1D499F4C5C}.Release|x86.ActiveCfg = Release|Win32
		{C8FE5997-FCB5-4172-9D05-FA1D499F4C5C}.Release|x86.Build.0 = Release|Win32
		{4CA130B1-1687-4C92-99C6-60C2CBFDDC2F}.Debug|x64.ActiveCfg = Debug|x64
		{4CA130B1-1687-4C92-99C6-60C2CBFDDC2F}.Debug|x64.Build.0 = Debug|x64
		{4CA130B1-1687-4C92-99C6-60C2CBFDDC2F}.Debug|x86.ActiveCfg = Debug|Win32
		{4CA130B1-1687-4C92-99C6-60C2CBFDDC2F}.Debug|x86.Build.0 = Debug|Win32
		{4CA130B1-1687-4C92-99C6-60C2CBFDDC2F}.Release|x64.ActiveCfg = Release|x64
		{4CA130B1-1687-4C92-99C6-60C2CBFDDC2F}.Release|x64.Build.0 = Release|x64
		{4CA130B1-1687-4C92-99C6-60C2CBFDDC2F}.Release|x86.ActiveCfg = Release|Win32
		{4CA130B1-1687-4C92-99C6-60C2CBFDDC2F}.Release|x86.Build.0 = Release|Win32
		{B0B5D98F-C182-422E-914B-5F7E727A1879}.Debug|x64.ActiveCfg = Debug|x64
		{B0B5D98F-C182-422E-914B-5F7E727A1879}.Debug|x64.Build.0 = Debug|x64
		{B0B5D98F-C182-422E-914B-5F7E727A1879}.Debug|x86.ActiveCfg = Debug|Win32
		{B0B5D98F-C182-422E-914B-5F7E727A1879}.Debug|x86.Build.0 = Debug|Win32
		{B0B5D98F-C182-422E-914B-5F7E727A1879}.Release|x64.ActiveCfg = Release|x64
		{B0B5D98F-C182-422E-914B-5F7E727A1879}.Release|x64.Build.0 = Release|x64
		{B0B5D98F-C182-422E-914B-5F7E727A1879}.Release|x86.ActiveCfg = Release|Win32
		{B0B5D98F-C182-422E-914B-5F7E727A1879}.Release|x86.Build.0 = Release|Win32
		{A816693B-E038-4AED-AF52-FE6253FC9EDC}.Debug|x64.ActiveCfg = Debug|x64
		{A816693B-E038-4AED-AF52-FE6253FC9EDC}.Debug|x64.Build.0 = Debug|x64
		{A816693B-E038-4AED-AF52-FE6253FC9EDC}.Debug|x86.ActiveCfg = Debug|Win32
		{A816693B-E038-4AED-AF52-FE6253FC9EDC}.Debug|x86.Build.0 = Debug|Win32
		{A816693B-E038-4AED-AF52-FE6253FC9EDC}.Release|x64.ActiveCfg = Release|x64
		{A816693B-E038-4AED-AF52-FE6253FC9EDC}.Release|x64.Build.0 = Release|x64
		{A816693B-E038-4AED-AF52-FE6253FC9EDC}.Release|x86.ActiveCfg = Release|Win32
		{A816693B-E038-4AED-AF52-FE6253FC9EDC}.Release|x86.Build.0 = Release|Win32
		{4656B284-6646-4779-8AB1-38A02820C268}.Debug|x64.ActiveCfg = Debug|x64
		{4656B284-6646-4779-8AB1-38A02820C268}.Debug|x64.Build.0 = Debug|x64
		{4656B284-6646-4779-8AB1-38A02820C268}.Debug|x86.ActiveCfg = Debug|Win32
		{4656B284-6646-4779-8AB1-38A02820C268}.Debug|x86.Build.0 = Debug|Win32
		{4656B284-6646-4779-8AB1-38A02820C268}.Release|x64.ActiveCfg = Release|x64
		{4656B284-6646-4779-8AB1-38A02820C268}.Release|x64.Build.0 = Release|x64
		{4656B284-6646-4779-8AB1-38A02820C268}.Release|x86.ActiveCfg = Release|Win32
		{4656B284-6646-4779-8AB1-38A02820C268}.Release|x86.Build.0 = Release|Win32
	EndGlobalSection
	GlobalSection(SolutionProperties) = preSolution
		HideSolutionNode = FALSE
	EndGlobalSection
	GlobalSection(ExtensibilityGlobals) = postSolution
		SolutionGuid = {2D339BB3-4725-49D0-A835-C4DE364715D8}
	EndGlobalSection
EndGlobal
